
Microsoft Visual Studio Solution File, Format Version 12.00
# Visual Studio 15
VisualStudioVersion = 15.0.27428.2005
MinimumVisualStudioVersion = 10.0.40219.1
Project("{FAE04EC0-301F-11D3-BF4B-00C04F79EFBC}") = "LabMunicipyLib", "LabMunicipyLib\LabMunicipyLib.csproj", "{ECD6E230-8E87-494D-8E44-79149E46DFAD}"
EndProject
Global
	GlobalSection(SolutionConfigurationPlatforms) = preSolution
		Debug|Any CPU = Debug|Any CPU
		Release|Any CPU = Release|Any CPU
	EndGlobalSection
	GlobalSection(ProjectConfigurationPlatforms) = postSolution
		{ECD6E230-8E87-494D-8E44-79149E46DFAD}.Debug|Any CPU.ActiveCfg = Debug|Any CPU
		{ECD6E230-8E87-494D-8E44-79149E46DFAD}.Debug|Any CPU.Build.0 = Debug|Any CPU
		{ECD6E230-8E87-494D-8E44-79149E46DFAD}.Release|Any CPU.ActiveCfg = Release|Any CPU
		{ECD6E230-8E87-494D-8E44-79149E46DFAD}.Release|Any CPU.Build.0 = Release|Any CPU
	EndGlobalSection
	GlobalSection(SolutionProperties) = preSolution
		HideSolutionNode = FALSE
	EndGlobalSection
	GlobalSection(ExtensibilityGlobals) = postSolution
		SolutionGuid = {BC98F439-0102-41E4-9D5C-B8D8D0DDA8DF}
	EndGlobalSection
EndGlobal
